
Microsoft Visual Studio Solution File, Format Version 12.00
# Visual Studio Version 17
VisualStudioVersion = 17.11.35303.130
MinimumVisualStudioVersion = 10.0.40219.1
Project("{FAE04EC0-301F-11D3-BF4B-00C04F79EFBC}") = "Stock.DataCenter.Extracting.Manual", "Stock.DataCenter.Extracting.Manual.csproj", "{C73AB878-903E-4317-8B7F-FC5BD61787CF}"
EndProject
Project("{9A19103F-16F7-4668-BE54-9A1E7A4F7556}") = "Stock.Asx.DataCenter.EFCore", "..\Shared\Stock.Asx.DataCenter.EFCore\Stock.Asx.DataCenter.EFCore.csproj", "{6CD232CC-F1BC-484D-BE76-A61659FB69DE}"
EndProject
Global
	GlobalSection(SolutionConfigurationPlatforms) = preSolution
		Debug|Any CPU = Debug|Any CPU
		Release|Any CPU = Release|Any CPU
	EndGlobalSection
	GlobalSection(ProjectConfigurationPlatforms) = postSolution
		{C73AB878-903E-4317-8B7F-FC5BD61787CF}.Debug|Any CPU.ActiveCfg = Debug|Any CPU
		{C73AB878-903E-4317-8B7F-FC5BD61787CF}.Debug|Any CPU.Build.0 = Debug|Any CPU
		{C73AB878-903E-4317-8B7F-FC5BD61787CF}.Release|Any CPU.ActiveCfg = Release|Any CPU
		{C73AB878-903E-4317-8B7F-FC5BD61787CF}.Release|Any CPU.Build.0 = Release|Any CPU
		{6CD232CC-F1BC-484D-BE76-A61659FB69DE}.Debug|Any CPU.ActiveCfg = Debug|Any CPU
		{6CD232CC-F1BC-484D-BE76-A61659FB69DE}.Debug|Any CPU.Build.0 = Debug|Any CPU
		{6CD232CC-F1BC-484D-BE76-A61659FB69DE}.Release|Any CPU.ActiveCfg = Release|Any CPU
		{6CD232CC-F1BC-484D-BE76-A61659FB69DE}.Release|Any CPU.Build.0 = Release|Any CPU
	EndGlobalSection
	GlobalSection(SolutionProperties) = preSolution
		HideSolutionNode = FALSE
	EndGlobalSection
	GlobalSection(ExtensibilityGlobals) = postSolution
		SolutionGuid = {34E1E9D6-AE27-40B1-8B4A-093A686EEAB1}
	EndGlobalSection
EndGlobal
